{
  "originHash" : "264fe0f1abcd1b5f1db1014e3b6f1356e8368158088f922f86ae226567788f41",
  "pins" : [
    {
      "identity" : "iroh-ffi",
      "kind" : "remoteSourceControl",
      "location" : "https://github.com/manaflow-ai/iroh-ffi.git",
      "state" : {
        "revision" : "20f0e67cc3cb5179e816ef45b7a7ec5c8c58b0e0",
        "version" : "1.0.2-cmux.7"
      }
    }
  ],
  "version" : 3
}
