{
  "originHash" : "264fe0f1abcd1b5f1db1014e3b6f1356e8368158088f922f86ae226567788f41",
  "pins" : [
    {
      "identity" : "iroh-ffi",
      "kind" : "remoteSourceControl",
      "location" : "https://github.com/manaflow-ai/iroh-ffi.git",
      "state" : {
        "revision" : "8da966cad36377e4e55569f80dcde1be91d30a5b",
        "version" : "1.0.2-cmux.7.ios17.2"
      }
    }
  ],
  "version" : 3
}
