{
  "originHash" : "4361e52c199c941ace4ca058d9af60cdcfc46890336e9eca1529459a9d50fa95",
  "pins" : [
    {
      "identity" : "iroh-ffi",
      "kind" : "remoteSourceControl",
      "location" : "https://github.com/manaflow-ai/iroh-ffi.git",
      "state" : {
        "revision" : "8da966cad36377e4e55569f80dcde1be91d30a5b",
        "version" : "1.0.2-cmux.7.ios17.2"
      }
    }
  ],
  "version" : 3
}
