{
  "originHash" : "4361e52c199c941ace4ca058d9af60cdcfc46890336e9eca1529459a9d50fa95",
  "pins" : [
    {
      "identity" : "iroh-ffi",
      "kind" : "remoteSourceControl",
      "location" : "https://github.com/manaflow-ai/iroh-ffi.git",
      "state" : {
        "revision" : "20f0e67cc3cb5179e816ef45b7a7ec5c8c58b0e0",
        "version" : "1.0.2-cmux.7"
      }
    }
  ],
  "version" : 3
}
