{
  "originHash": "2565647770c7d8bd4febd1c24cc66a7e250072c2334100f7169e8555d5b1ee5e",
  "pins": [
    {
      "identity": "highlightr",
      "kind": "remoteSourceControl",
      "location": "https://github.com/raspu/Highlightr.git",
      "state": {
        "revision": "05e7fcc63b33925cd0c1faaa205cdd5681e7bbef",
        "version": "2.3.0"
      }
    },
    {
      "identity": "iroh-ffi",
      "kind": "remoteSourceControl",
      "location": "https://github.com/manaflow-ai/iroh-ffi.git",
      "state": {
        "revision": "8da966cad36377e4e55569f80dcde1be91d30a5b",
        "version": "1.0.2-cmux.7.ios17.2"
      }
    },
    {
      "identity": "networkimage",
      "kind": "remoteSourceControl",
      "location": "https://github.com/gonzalezreal/NetworkImage",
      "state": {
        "revision": "2849f5323265386e200484b0d0f896e73c3411b9",
        "version": "6.0.1"
      }
    },
    {
      "identity": "sparkle",
      "kind": "remoteSourceControl",
      "location": "https://github.com/sparkle-project/Sparkle",
      "state": {
        "revision": "79bc9e872948e47877e76f194cb0c8e0412b0b90",
        "version": "2.9.5"
      }
    },
    {
      "identity": "swift-asn1",
      "kind": "remoteSourceControl",
      "location": "https://github.com/apple/swift-asn1.git",
      "state": {
        "revision": "a9a5efd40eaf558a2bcd48d64b1d1646be686008",
        "version": "1.7.1"
      }
    },
    {
      "identity": "swift-cmark",
      "kind": "remoteSourceControl",
      "location": "https://github.com/swiftlang/swift-cmark",
      "state": {
        "revision": "5d9bdaa4228b381639fff09403e39a04926e2dbe",
        "version": "0.7.1"
      }
    },
    {
      "identity": "swift-crypto",
      "kind": "remoteSourceControl",
      "location": "https://github.com/apple/swift-crypto.git",
      "state": {
        "revision": "95ba0316a9b733e92bb6b071255ff46263bbe7dc",
        "version": "3.15.1"
      }
    },
    {
      "identity": "swift-markdown-ui",
      "kind": "remoteSourceControl",
      "location": "https://github.com/gonzalezreal/swift-markdown-ui",
      "state": {
        "revision": "5f613358148239d0292c0cef674a3c2314737f9e",
        "version": "2.4.1"
      }
    },
    {
      "identity": "swift-syntax",
      "kind": "remoteSourceControl",
      "location": "https://github.com/swiftlang/swift-syntax.git",
      "state": {
        "revision": "0687f71944021d616d34d922343dcef086855920",
        "version": "600.0.1"
      }
    }
  ],
  "version": 3
}
