{
  "originHash" : "0d6a31d1448c6064fd2bf80f8c9c525deb0c2239739891af8b23a7524a05fa38",
  "pins" : [
    {
      "identity" : "sentry-cocoa",
      "kind" : "remoteSourceControl",
      "location" : "https://github.com/getsentry/sentry-cocoa.git",
      "state" : {
        "revision" : "53eb9bd5da18e208cfd80e86863d3f4c7ba21b1d",
        "version" : "9.21.0"
      }
    }
  ],
  "version" : 3
}
